
Microsoft Visual Studio Solution File, Format Version 12.00
# Visual Studio Version 17
VisualStudioVersion = 17.3.32929.385
MinimumVisualStudioVersion = 10.0.40219.1
Project("{FAE04EC0-301F-11D3-BF4B-00C04F79EFBC}") = "UsersApi", "UsersApi.csproj", "{22E31478-72C8-46C7-A54D-904DD3EFBDDF}"
EndProject
Global
	GlobalSection(SolutionConfigurationPlatforms) = preSolution
		Debug|Any CPU = Debug|Any CPU
		Release|Any CPU = Release|Any CPU
	EndGlobalSection
	GlobalSection(ProjectConfigurationPlatforms) = postSolution
		{22E31478-72C8-46C7-A54D-904DD3EFBDDF}.Debug|Any CPU.ActiveCfg = Debug|Any CPU
		{22E31478-72C8-46C7-A54D-904DD3EFBDDF}.Debug|Any CPU.Build.0 = Debug|Any CPU
		{22E31478-72C8-46C7-A54D-904DD3EFBDDF}.Release|Any CPU.ActiveCfg = Release|Any CPU
		{22E31478-72C8-46C7-A54D-904DD3EFBDDF}.Release|Any CPU.Build.0 = Release|Any CPU
	EndGlobalSection
	GlobalSection(SolutionProperties) = preSolution
		HideSolutionNode = FALSE
	EndGlobalSection
	GlobalSection(ExtensibilityGlobals) = postSolution
		SolutionGuid = {D5F35F37-296B-4504-A656-2C9860D552B7}
	EndGlobalSection
EndGlobal
